# This file is autogenerated, do not edit; changes may be undone by the next 'dep ensure'.


[[projects]]
  branch = "master"
  digest = "1:cffb4ce270238b022c79e2cf09a3f3e3d4c68bf0485902a55243ce3411341287"
  name = "github.com/mediocregopher/radix.v2"
  packages = [
    "pool",
    "redis",
  ]
  pruneopts = "UT"
  revision = "b67df6e626f993b64b3ca9f4b8630900e61002e3"

[solve-meta]
  analyzer-name = "dep"
  analyzer-version = 1
  input-imports = [
    "github.com/mediocregopher/radix.v2/pool",
    "github.com/mediocregopher/radix.v2/redis",
  ]
  solver-name = "gps-cdcl"
  solver-version = 1
