# This file is autogenerated, do not edit; changes may be undone by the next 'dep ensure'.


[[projects]]
  branch = "master"
  digest = "1:fe65c935da420778d1166abbbb4c79592a1dc254385c9f99b2cca5a0fb8c6f8d"
  name = "github.com/mediocregopher/radix.v2"
  packages = ["redis"]
  pruneopts = "UT"
  revision = "b67df6e626f993b64b3ca9f4b8630900e61002e3"

[solve-meta]
  analyzer-name = "dep"
  analyzer-version = 1
  input-imports = ["github.com/mediocregopher/radix.v2/redis"]
  solver-name = "gps-cdcl"
  solver-version = 1
